
Microsoft Visual Studio Solution File, Format Version 12.00
# Visual Studio Version 17
VisualStudioVersion = 17.0.32002.185
MinimumVisualStudioVersion = 10.0.40219.1
Project("{FAE04EC0-301F-11D3-BF4B-00C04F79EFBC}") = "ConsoleApp4", "ConsoleApp4\ConsoleApp4.csproj", "{D5BCCC02-6B5F-4FAB-8C23-FBB5945957C3}"
EndProject
Global
	GlobalSection(SolutionConfigurationPlatforms) = preSolution
		Debug|Any CPU = Debug|Any CPU
		Release|Any CPU = Release|Any CPU
	EndGlobalSection
	GlobalSection(ProjectConfigurationPlatforms) = postSolution
		{D5BCCC02-6B5F-4FAB-8C23-FBB5945957C3}.Debug|Any CPU.ActiveCfg = Debug|Any CPU
		{D5BCCC02-6B5F-4FAB-8C23-FBB5945957C3}.Debug|Any CPU.Build.0 = Debug|Any CPU
		{D5BCCC02-6B5F-4FAB-8C23-FBB5945957C3}.Release|Any CPU.ActiveCfg = Release|Any CPU
		{D5BCCC02-6B5F-4FAB-8C23-FBB5945957C3}.Release|Any CPU.Build.0 = Release|Any CPU
	EndGlobalSection
	GlobalSection(SolutionProperties) = preSolution
		HideSolutionNode = FALSE
	EndGlobalSection
	GlobalSection(ExtensibilityGlobals) = postSolution
		SolutionGuid = {93BA3C3E-E109-4CAC-A37D-20BD2614778A}
	EndGlobalSection
EndGlobal
